
Microsoft Visual Studio Solution File, Format Version 12.00
# Visual Studio 15
VisualStudioVersion = 15.0.28010.2046
MinimumVisualStudioVersion = 10.0.40219.1
Project("{9A19103F-16F7-4668-BE54-9A1E7A4F7556}") = "Lab5CST465", "Lab5CST465.csproj", "{24C1A955-B044-4AC0-88B9-68C2F33610D2}"
EndProject
Global
	GlobalSection(SolutionConfigurationPlatforms) = preSolution
		Debug|Any CPU = Debug|Any CPU
		Release|Any CPU = Release|Any CPU
	EndGlobalSection
	GlobalSection(ProjectConfigurationPlatforms) = postSolution
		{24C1A955-B044-4AC0-88B9-68C2F33610D2}.Debug|Any CPU.ActiveCfg = Debug|Any CPU
		{24C1A955-B044-4AC0-88B9-68C2F33610D2}.Debug|Any CPU.Build.0 = Debug|Any CPU
		{24C1A955-B044-4AC0-88B9-68C2F33610D2}.Release|Any CPU.ActiveCfg = Release|Any CPU
		{24C1A955-B044-4AC0-88B9-68C2F33610D2}.Release|Any CPU.Build.0 = Release|Any CPU
	EndGlobalSection
	GlobalSection(SolutionProperties) = preSolution
		HideSolutionNode = FALSE
	EndGlobalSection
	GlobalSection(ExtensibilityGlobals) = postSolution
		SolutionGuid = {1EDB883B-3F35-43CE-8729-6C1719488FDF}
	EndGlobalSection
EndGlobal
