
Microsoft Visual Studio Solution File, Format Version 12.00
# Visual Studio 15
VisualStudioVersion = 15.0.28010.2046
MinimumVisualStudioVersion = 10.0.40219.1
Project("{9A19103F-16F7-4668-BE54-9A1E7A4F7556}") = "FinalProject", "FinalProject.csproj", "{2E33ED56-8312-4232-94BD-08CB2C27D8EF}"
EndProject
Global
	GlobalSection(SolutionConfigurationPlatforms) = preSolution
		Debug|Any CPU = Debug|Any CPU
		Release|Any CPU = Release|Any CPU
	EndGlobalSection
	GlobalSection(ProjectConfigurationPlatforms) = postSolution
		{2E33ED56-8312-4232-94BD-08CB2C27D8EF}.Debug|Any CPU.ActiveCfg = Debug|Any CPU
		{2E33ED56-8312-4232-94BD-08CB2C27D8EF}.Debug|Any CPU.Build.0 = Debug|Any CPU
		{2E33ED56-8312-4232-94BD-08CB2C27D8EF}.Release|Any CPU.ActiveCfg = Release|Any CPU
		{2E33ED56-8312-4232-94BD-08CB2C27D8EF}.Release|Any CPU.Build.0 = Release|Any CPU
	EndGlobalSection
	GlobalSection(SolutionProperties) = preSolution
		HideSolutionNode = FALSE
	EndGlobalSection
	GlobalSection(ExtensibilityGlobals) = postSolution
		SolutionGuid = {2BDC20CC-20A0-48C5-AB2E-62A0D2D6CDF2}
	EndGlobalSection
EndGlobal
